
Microsoft Visual Studio Solution File, Format Version 12.00
# Visual Studio Version 17
VisualStudioVersion = 17.1.32328.378
MinimumVisualStudioVersion = 10.0.40219.1
Project("{FAE04EC0-301F-11D3-BF4B-00C04F79EFBC}") = "exec_01", "exec_01\exec_01.csproj", "{659148F2-7786-415F-961B-E46DD6D835F4}"
EndProject
Global
	GlobalSection(SolutionConfigurationPlatforms) = preSolution
		Debug|Any CPU = Debug|Any CPU
		Release|Any CPU = Release|Any CPU
	EndGlobalSection
	GlobalSection(ProjectConfigurationPlatforms) = postSolution
		{659148F2-7786-415F-961B-E46DD6D835F4}.Debug|Any CPU.ActiveCfg = Debug|Any CPU
		{659148F2-7786-415F-961B-E46DD6D835F4}.Debug|Any CPU.Build.0 = Debug|Any CPU
		{659148F2-7786-415F-961B-E46DD6D835F4}.Release|Any CPU.ActiveCfg = Release|Any CPU
		{659148F2-7786-415F-961B-E46DD6D835F4}.Release|Any CPU.Build.0 = Release|Any CPU
	EndGlobalSection
	GlobalSection(SolutionProperties) = preSolution
		HideSolutionNode = FALSE
	EndGlobalSection
	GlobalSection(ExtensibilityGlobals) = postSolution
		SolutionGuid = {BB57887C-C603-4CCA-9C3C-EC68BA46F5FA}
	EndGlobalSection
EndGlobal
